
Microsoft Visual Studio Solution File, Format Version 12.00
# Visual Studio 2013
VisualStudioVersion = 12.0.31101.0
MinimumVisualStudioVersion = 10.0.40219.1
Project("{FAE04EC0-301F-11D3-BF4B-00C04F79EFBC}") = "MvcCMS", "MvcCMS\MvcCMS.csproj", "{9EBE9B7B-4EE3-4FCA-B7DB-E43BEB9BBE6A}"
EndProject
Project("{FAE04EC0-301F-11D3-BF4B-00C04F79EFBC}") = "MvcCMS.Tests", "MvcCMS.Tests\MvcCMS.Tests.csproj", "{C801F9F9-B4B0-4179-B9D0-4BF5D2BE1845}"
EndProject
Global
	GlobalSection(SolutionConfigurationPlatforms) = preSolution
		Debug|Any CPU = Debug|Any CPU
		Release|Any CPU = Release|Any CPU
	EndGlobalSection
	GlobalSection(ProjectConfigurationPlatforms) = postSolution
		{9EBE9B7B-4EE3-4FCA-B7DB-E43BEB9BBE6A}.Debug|Any CPU.ActiveCfg = Debug|Any CPU
		{9EBE9B7B-4EE3-4FCA-B7DB-E43BEB9BBE6A}.Debug|Any CPU.Build.0 = Debug|Any CPU
		{9EBE9B7B-4EE3-4FCA-B7DB-E43BEB9BBE6A}.Release|Any CPU.ActiveCfg = Release|Any CPU
		{9EBE9B7B-4EE3-4FCA-B7DB-E43BEB9BBE6A}.Release|Any CPU.Build.0 = Release|Any CPU
		{C801F9F9-B4B0-4179-B9D0-4BF5D2BE1845}.Debug|Any CPU.ActiveCfg = Debug|Any CPU
		{C801F9F9-B4B0-4179-B9D0-4BF5D2BE1845}.Debug|Any CPU.Build.0 = Debug|Any CPU
		{C801F9F9-B4B0-4179-B9D0-4BF5D2BE1845}.Release|Any CPU.ActiveCfg = Release|Any CPU
		{C801F9F9-B4B0-4179-B9D0-4BF5D2BE1845}.Release|Any CPU.Build.0 = Release|Any CPU
	EndGlobalSection
	GlobalSection(SolutionProperties) = preSolution
		HideSolutionNode = FALSE
	EndGlobalSection
EndGlobal
